
Microsoft Visual Studio Solution File, Format Version 12.00
Project("{FAE04EC0-301F-11D3-BF4B-00C04F79EFBC}") = "Tasks", "Tasks\Tasks.csproj", "{6A798137-7567-4887-A734-F3D22AE2CCB7}"
EndProject
Project("{FAE04EC0-301F-11D3-BF4B-00C04F79EFBC}") = "Fraction1", "Fraction1\Fraction1.csproj", "{18ADD5D5-A059-4C49-8A08-EF9C5D018773}"
EndProject
Global
	GlobalSection(SolutionConfigurationPlatforms) = preSolution
		Debug|Any CPU = Debug|Any CPU
		Release|Any CPU = Release|Any CPU
	EndGlobalSection
	GlobalSection(ProjectConfigurationPlatforms) = postSolution
		{6A798137-7567-4887-A734-F3D22AE2CCB7}.Debug|Any CPU.ActiveCfg = Debug|Any CPU
		{6A798137-7567-4887-A734-F3D22AE2CCB7}.Debug|Any CPU.Build.0 = Debug|Any CPU
		{6A798137-7567-4887-A734-F3D22AE2CCB7}.Release|Any CPU.ActiveCfg = Release|Any CPU
		{6A798137-7567-4887-A734-F3D22AE2CCB7}.Release|Any CPU.Build.0 = Release|Any CPU
		{18ADD5D5-A059-4C49-8A08-EF9C5D018773}.Debug|Any CPU.ActiveCfg = Debug|Any CPU
		{18ADD5D5-A059-4C49-8A08-EF9C5D018773}.Debug|Any CPU.Build.0 = Debug|Any CPU
		{18ADD5D5-A059-4C49-8A08-EF9C5D018773}.Release|Any CPU.ActiveCfg = Release|Any CPU
		{18ADD5D5-A059-4C49-8A08-EF9C5D018773}.Release|Any CPU.Build.0 = Release|Any CPU
	EndGlobalSection
EndGlobal
